
Microsoft Visual Studio Solution File, Format Version 12.00
# Visual Studio 2013
VisualStudioVersion = 12.0.21005.1
MinimumVisualStudioVersion = 10.0.40219.1
Project("{FAE04EC0-301F-11D3-BF4B-00C04F79EFBC}") = "BPMS.Common", "BPMS.Common\BPMS.Common.csproj", "{6B792CD9-9DC9-4B58-A8BA-143F49375CA4}"
EndProject
Project("{FAE04EC0-301F-11D3-BF4B-00C04F79EFBC}") = "BPMS.BLL", "BPMS.BLL\BPMS.BLL.csproj", "{0FFCDEC5-0708-492A-BDC7-C76835E9286B}"
EndProject
Project("{FAE04EC0-301F-11D3-BF4B-00C04F79EFBC}") = "BPMS.DAL", "BPMS.DAL\BPMS.DAL.csproj", "{5CB7E019-50EB-4D96-8BB1-9BCFDE97F14E}"
EndProject
Project("{FAE04EC0-301F-11D3-BF4B-00C04F79EFBC}") = "BPMS.References", "BPMS.References\BPMS.References.csproj", "{CC11422E-55FC-400F-8F78-EE07514F4A86}"
EndProject
Project("{2150E333-8FDC-42A3-9474-1A3956D46DE8}") = "WCF", "WCF", "{94D4026F-57F7-48C5-9A85-48DD06346502}"
EndProject
Project("{FAE04EC0-301F-11D3-BF4B-00C04F79EFBC}") = "BPMS.Services", "BPMS.Services\BPMS.Services.csproj", "{0E09EE4C-BA1B-449C-8AB7-9E0FDB4D4CD4}"
EndProject
Project("{FAE04EC0-301F-11D3-BF4B-00C04F79EFBC}") = "BPMS.ServerManager", "BPMS.ServerManager\BPMS.ServerManager.csproj", "{9E57D95B-4A73-4E67-AA82-4843B72F2178}"
EndProject
Project("{2150E333-8FDC-42A3-9474-1A3956D46DE8}") = "AppUpdater", "AppUpdater", "{425CE710-AC0B-4974-AF69-531D01E093D1}"
EndProject
Project("{2150E333-8FDC-42A3-9474-1A3956D46DE8}") = "文档管理", "文档管理", "{0E95DF70-6536-4620-9779-C011F2012D9B}"
EndProject
Project("{2150E333-8FDC-42A3-9474-1A3956D46DE8}") = "SQL", "SQL", "{37D7731C-AAD1-4200-A1E8-FBFFEEC77E70}"
	ProjectSection(SolutionItems) = preProject
		文档管理\SQL\BPMSDesign.pdm = 文档管理\SQL\BPMSDesign.pdm
		文档管理\SQL\系统权限设计.docx = 文档管理\SQL\系统权限设计.docx
	EndProjectSection
EndProject
Project("{2150E333-8FDC-42A3-9474-1A3956D46DE8}") = "原型", "原型", "{9CDA5802-C9B6-4964-877F-70B96BCA5776}"
EndProject
Project("{FAE04EC0-301F-11D3-BF4B-00C04F79EFBC}") = "BPMS.Model", "BPMS.Model\BPMS.Model.csproj", "{AFE41757-1BA4-426C-A4A5-B25768B57A08}"
EndProject
Project("{FAE04EC0-301F-11D3-BF4B-00C04F79EFBC}") = "BPMS.Contracts", "BPMS.Contracts\BPMS.Contracts.csproj", "{3A0EAFCD-B5EB-4F96-BA09-45C9AFE652D7}"
EndProject
Project("{FAE04EC0-301F-11D3-BF4B-00C04F79EFBC}") = "AppUpdaterContracts", "AppUpdaterConracts\AppUpdaterContracts.csproj", "{25D00A1A-B72F-4A35-BC0B-20CB5F8CF816}"
EndProject
Project("{FAE04EC0-301F-11D3-BF4B-00C04F79EFBC}") = "BPMS.WinService", "BPMS.WinService\BPMS.WinService.csproj", "{586B29CA-7E11-47F5-BD0B-57D5DDE7A186}"
EndProject
Project("{FAE04EC0-301F-11D3-BF4B-00C04F79EFBC}") = "BPMS.BLLTests", "BPMS.BLLTests\BPMS.BLLTests.csproj", "{23596D36-509F-469A-9463-71517B862E97}"
EndProject
Project("{FAE04EC0-301F-11D3-BF4B-00C04F79EFBC}") = "AppUpdater", "AppUpdater\AppUpdater.csproj", "{1CF955CA-F38A-4B72-B21A-FBE3BAEFEE53}"
EndProject
Project("{FAE04EC0-301F-11D3-BF4B-00C04F79EFBC}") = "BPMS.Foundation", "BPMS.Foundatoin\BPMS.Foundation.csproj", "{5EE870D9-6D3C-46AA-A327-77F4F776389A}"
EndProject
Project("{FAE04EC0-301F-11D3-BF4B-00C04F79EFBC}") = "BPMS.ViewModels", "BPMS.ViewModels\BPMS.ViewModels.csproj", "{872E9C3B-B84F-4092-909B-6863ABFA3BC9}"
EndProject
Project("{FAE04EC0-301F-11D3-BF4B-00C04F79EFBC}") = "BPMS.ViewModels.UnitTest", "BPMS.ViewModels.UnitTest\BPMS.ViewModels.UnitTest.csproj", "{531A1D35-EC43-42DC-8990-0CD8B45BDA43}"
EndProject
Project("{FAE04EC0-301F-11D3-BF4B-00C04F79EFBC}") = "BPMS.Views.Default", "BPMS.Views.Default\BPMS.Views.Default.csproj", "{144670CB-6396-488C-A76D-2E03A3B69E78}"
EndProject
Global
	GlobalSection(SolutionConfigurationPlatforms) = preSolution
		Debug|Any CPU = Debug|Any CPU
		Release|Any CPU = Release|Any CPU
	EndGlobalSection
	GlobalSection(ProjectConfigurationPlatforms) = postSolution
		{6B792CD9-9DC9-4B58-A8BA-143F49375CA4}.Debug|Any CPU.ActiveCfg = Debug|Any CPU
		{6B792CD9-9DC9-4B58-A8BA-143F49375CA4}.Debug|Any CPU.Build.0 = Debug|Any CPU
		{6B792CD9-9DC9-4B58-A8BA-143F49375CA4}.Release|Any CPU.ActiveCfg = Release|Any CPU
		{6B792CD9-9DC9-4B58-A8BA-143F49375CA4}.Release|Any CPU.Build.0 = Release|Any CPU
		{0FFCDEC5-0708-492A-BDC7-C76835E9286B}.Debug|Any CPU.ActiveCfg = Debug|Any CPU
		{0FFCDEC5-0708-492A-BDC7-C76835E9286B}.Debug|Any CPU.Build.0 = Debug|Any CPU
		{0FFCDEC5-0708-492A-BDC7-C76835E9286B}.Release|Any CPU.ActiveCfg = Release|Any CPU
		{0FFCDEC5-0708-492A-BDC7-C76835E9286B}.Release|Any CPU.Build.0 = Release|Any CPU
		{5CB7E019-50EB-4D96-8BB1-9BCFDE97F14E}.Debug|Any CPU.ActiveCfg = Debug|Any CPU
		{5CB7E019-50EB-4D96-8BB1-9BCFDE97F14E}.Debug|Any CPU.Build.0 = Debug|Any CPU
		{5CB7E019-50EB-4D96-8BB1-9BCFDE97F14E}.Release|Any CPU.ActiveCfg = Release|Any CPU
		{5CB7E019-50EB-4D96-8BB1-9BCFDE97F14E}.Release|Any CPU.Build.0 = Release|Any CPU
		{CC11422E-55FC-400F-8F78-EE07514F4A86}.Debug|Any CPU.ActiveCfg = Debug|Any CPU
		{CC11422E-55FC-400F-8F78-EE07514F4A86}.Debug|Any CPU.Build.0 = Debug|Any CPU
		{CC11422E-55FC-400F-8F78-EE07514F4A86}.Release|Any CPU.ActiveCfg = Release|Any CPU
		{CC11422E-55FC-400F-8F78-EE07514F4A86}.Release|Any CPU.Build.0 = Release|Any CPU
		{0E09EE4C-BA1B-449C-8AB7-9E0FDB4D4CD4}.Debug|Any CPU.ActiveCfg = Debug|Any CPU
		{0E09EE4C-BA1B-449C-8AB7-9E0FDB4D4CD4}.Debug|Any CPU.Build.0 = Debug|Any CPU
		{0E09EE4C-BA1B-449C-8AB7-9E0FDB4D4CD4}.Release|Any CPU.ActiveCfg = Release|Any CPU
		{0E09EE4C-BA1B-449C-8AB7-9E0FDB4D4CD4}.Release|Any CPU.Build.0 = Release|Any CPU
		{9E57D95B-4A73-4E67-AA82-4843B72F2178}.Debug|Any CPU.ActiveCfg = Debug|Any CPU
		{9E57D95B-4A73-4E67-AA82-4843B72F2178}.Debug|Any CPU.Build.0 = Debug|Any CPU
		{9E57D95B-4A73-4E67-AA82-4843B72F2178}.Release|Any CPU.ActiveCfg = Release|Any CPU
		{9E57D95B-4A73-4E67-AA82-4843B72F2178}.Release|Any CPU.Build.0 = Release|Any CPU
		{AFE41757-1BA4-426C-A4A5-B25768B57A08}.Debug|Any CPU.ActiveCfg = Debug|Any CPU
		{AFE41757-1BA4-426C-A4A5-B25768B57A08}.Debug|Any CPU.Build.0 = Debug|Any CPU
		{AFE41757-1BA4-426C-A4A5-B25768B57A08}.Release|Any CPU.ActiveCfg = Release|Any CPU
		{AFE41757-1BA4-426C-A4A5-B25768B57A08}.Release|Any CPU.Build.0 = Release|Any CPU
		{3A0EAFCD-B5EB-4F96-BA09-45C9AFE652D7}.Debug|Any CPU.ActiveCfg = Debug|Any CPU
		{3A0EAFCD-B5EB-4F96-BA09-45C9AFE652D7}.Debug|Any CPU.Build.0 = Debug|Any CPU
		{3A0EAFCD-B5EB-4F96-BA09-45C9AFE652D7}.Release|Any CPU.ActiveCfg = Release|Any CPU
		{3A0EAFCD-B5EB-4F96-BA09-45C9AFE652D7}.Release|Any CPU.Build.0 = Release|Any CPU
		{25D00A1A-B72F-4A35-BC0B-20CB5F8CF816}.Debug|Any CPU.ActiveCfg = Debug|Any CPU
		{25D00A1A-B72F-4A35-BC0B-20CB5F8CF816}.Debug|Any CPU.Build.0 = Debug|Any CPU
		{25D00A1A-B72F-4A35-BC0B-20CB5F8CF816}.Release|Any CPU.ActiveCfg = Release|Any CPU
		{25D00A1A-B72F-4A35-BC0B-20CB5F8CF816}.Release|Any CPU.Build.0 = Release|Any CPU
		{586B29CA-7E11-47F5-BD0B-57D5DDE7A186}.Debug|Any CPU.ActiveCfg = Debug|Any CPU
		{586B29CA-7E11-47F5-BD0B-57D5DDE7A186}.Debug|Any CPU.Build.0 = Debug|Any CPU
		{586B29CA-7E11-47F5-BD0B-57D5DDE7A186}.Release|Any CPU.ActiveCfg = Release|Any CPU
		{586B29CA-7E11-47F5-BD0B-57D5DDE7A186}.Release|Any CPU.Build.0 = Release|Any CPU
		{23596D36-509F-469A-9463-71517B862E97}.Debug|Any CPU.ActiveCfg = Debug|Any CPU
		{23596D36-509F-469A-9463-71517B862E97}.Debug|Any CPU.Build.0 = Debug|Any CPU
		{23596D36-509F-469A-9463-71517B862E97}.Release|Any CPU.ActiveCfg = Release|Any CPU
		{23596D36-509F-469A-9463-71517B862E97}.Release|Any CPU.Build.0 = Release|Any CPU
		{1CF955CA-F38A-4B72-B21A-FBE3BAEFEE53}.Debug|Any CPU.ActiveCfg = Debug|Any CPU
		{1CF955CA-F38A-4B72-B21A-FBE3BAEFEE53}.Debug|Any CPU.Build.0 = Debug|Any CPU
		{1CF955CA-F38A-4B72-B21A-FBE3BAEFEE53}.Release|Any CPU.ActiveCfg = Release|Any CPU
		{1CF955CA-F38A-4B72-B21A-FBE3BAEFEE53}.Release|Any CPU.Build.0 = Release|Any CPU
		{5EE870D9-6D3C-46AA-A327-77F4F776389A}.Debug|Any CPU.ActiveCfg = Debug|Any CPU
		{5EE870D9-6D3C-46AA-A327-77F4F776389A}.Debug|Any CPU.Build.0 = Debug|Any CPU
		{5EE870D9-6D3C-46AA-A327-77F4F776389A}.Release|Any CPU.ActiveCfg = Release|Any CPU
		{5EE870D9-6D3C-46AA-A327-77F4F776389A}.Release|Any CPU.Build.0 = Release|Any CPU
		{872E9C3B-B84F-4092-909B-6863ABFA3BC9}.Debug|Any CPU.ActiveCfg = Debug|Any CPU
		{872E9C3B-B84F-4092-909B-6863ABFA3BC9}.Debug|Any CPU.Build.0 = Debug|Any CPU
		{872E9C3B-B84F-4092-909B-6863ABFA3BC9}.Release|Any CPU.ActiveCfg = Release|Any CPU
		{872E9C3B-B84F-4092-909B-6863ABFA3BC9}.Release|Any CPU.Build.0 = Release|Any CPU
		{531A1D35-EC43-42DC-8990-0CD8B45BDA43}.Debug|Any CPU.ActiveCfg = Debug|Any CPU
		{531A1D35-EC43-42DC-8990-0CD8B45BDA43}.Debug|Any CPU.Build.0 = Debug|Any CPU
		{531A1D35-EC43-42DC-8990-0CD8B45BDA43}.Release|Any CPU.ActiveCfg = Release|Any CPU
		{531A1D35-EC43-42DC-8990-0CD8B45BDA43}.Release|Any CPU.Build.0 = Release|Any CPU
		{144670CB-6396-488C-A76D-2E03A3B69E78}.Debug|Any CPU.ActiveCfg = Debug|Any CPU
		{144670CB-6396-488C-A76D-2E03A3B69E78}.Debug|Any CPU.Build.0 = Debug|Any CPU
		{144670CB-6396-488C-A76D-2E03A3B69E78}.Release|Any CPU.ActiveCfg = Release|Any CPU
		{144670CB-6396-488C-A76D-2E03A3B69E78}.Release|Any CPU.Build.0 = Release|Any CPU
	EndGlobalSection
	GlobalSection(SolutionProperties) = preSolution
		HideSolutionNode = FALSE
	EndGlobalSection
	GlobalSection(NestedProjects) = preSolution
		{0E09EE4C-BA1B-449C-8AB7-9E0FDB4D4CD4} = {94D4026F-57F7-48C5-9A85-48DD06346502}
		{9E57D95B-4A73-4E67-AA82-4843B72F2178} = {94D4026F-57F7-48C5-9A85-48DD06346502}
		{3A0EAFCD-B5EB-4F96-BA09-45C9AFE652D7} = {94D4026F-57F7-48C5-9A85-48DD06346502}
		{586B29CA-7E11-47F5-BD0B-57D5DDE7A186} = {94D4026F-57F7-48C5-9A85-48DD06346502}
		{25D00A1A-B72F-4A35-BC0B-20CB5F8CF816} = {425CE710-AC0B-4974-AF69-531D01E093D1}
		{1CF955CA-F38A-4B72-B21A-FBE3BAEFEE53} = {425CE710-AC0B-4974-AF69-531D01E093D1}
		{37D7731C-AAD1-4200-A1E8-FBFFEEC77E70} = {0E95DF70-6536-4620-9779-C011F2012D9B}
		{9CDA5802-C9B6-4964-877F-70B96BCA5776} = {0E95DF70-6536-4620-9779-C011F2012D9B}
	EndGlobalSection
EndGlobal
